
Microsoft Visual Studio Solution File, Format Version 12.00
# Visual Studio Version 17
VisualStudioVersion = 17.1.32210.238
MinimumVisualStudioVersion = 10.0.40219.1
Project("{FAE04EC0-301F-11D3-BF4B-00C04F79EFBC}") = "IndianStateCensusAnalyser", "IndianStateCensusAnalyser\IndianStateCensusAnalyser.csproj", "{C0869478-A145-4DFA-8FCD-0212A2C17780}"
EndProject
Global
	GlobalSection(SolutionConfigurationPlatforms) = preSolution
		Debug|Any CPU = Debug|Any CPU
		Release|Any CPU = Release|Any CPU
	EndGlobalSection
	GlobalSection(ProjectConfigurationPlatforms) = postSolution
		{C0869478-A145-4DFA-8FCD-0212A2C17780}.Debug|Any CPU.ActiveCfg = Debug|Any CPU
		{C0869478-A145-4DFA-8FCD-0212A2C17780}.Debug|Any CPU.Build.0 = Debug|Any CPU
		{C0869478-A145-4DFA-8FCD-0212A2C17780}.Release|Any CPU.ActiveCfg = Release|Any CPU
		{C0869478-A145-4DFA-8FCD-0212A2C17780}.Release|Any CPU.Build.0 = Release|Any CPU
	EndGlobalSection
	GlobalSection(SolutionProperties) = preSolution
		HideSolutionNode = FALSE
	EndGlobalSection
	GlobalSection(ExtensibilityGlobals) = postSolution
		SolutionGuid = {84A11002-79F8-4058-9AD3-5BF3A5D54400}
	EndGlobalSection
EndGlobal
